// !$*UTF8*$!
{
	archiveVersion = 1;
	classes = {
	};
	objectVersion = 46;
	objects = {

/* Begin PBXBuildFile section */
		2609A3B51B1EEFB800EB9771 /* libPluginUnityAds.a in CopyFiles */ = {isa = PBXBuildFile; fileRef = 2609A3981B1EEE7E00EB9771 /* libPluginUnityAds.a */; };
		2609A3BC1B1EF53500EB9771 /* StoreKit.framework in Frameworks */ = {isa = PBXBuildFile; fileRef = 2609A3BB1B1EF53500EB9771 /* StoreKit.framework */; };
		2609A3BE1B1EF53A00EB9771 /* UIKit.framework in Frameworks */ = {isa = PBXBuildFile; fileRef = 2609A3BD1B1EF53A00EB9771 /* UIKit.framework */; };
		2609A3C01B1EF54400EB9771 /* CoreGraphics.framework in Frameworks */ = {isa = PBXBuildFile; fileRef = 2609A3BF1B1EF54400EB9771 /* CoreGraphics.framework */; };
		2609A3C21B1EF54A00EB9771 /* Foundation.framework in Frameworks */ = {isa = PBXBuildFile; fileRef = 2609A3C11B1EF54A00EB9771 /* Foundation.framework */; };
		80352CC71B5CE71E0067A04F /* PluginUnityAds.m in Sources */ = {isa = PBXBuildFile; fileRef = 80352CC61B5CE71E0067A04F /* PluginUnityAds.m */; };
		80352CCA1B5CE8390067A04F /* UnityAds.framework in Frameworks */ = {isa = PBXBuildFile; fileRef = 80352CC91B5CE8390067A04F /* UnityAds.framework */; };
		80352CCC1B5CE93D0067A04F /* AdSupport.framework in Frameworks */ = {isa = PBXBuildFile; fileRef = 80352CCB1B5CE93D0067A04F /* AdSupport.framework */; };
		80352CCE1B5CE9420067A04F /* CoreTelephony.framework in Frameworks */ = {isa = PBXBuildFile; fileRef = 80352CCD1B5CE9420067A04F /* CoreTelephony.framework */; };
/* End PBXBuildFile section */

/* Begin PBXCopyFilesBuildPhase section */
		2609A3961B1EEE7E00EB9771 /* CopyFiles */ = {
			isa = PBXCopyFilesBuildPhase;
			buildActionMask = 2147483647;
			dstPath = "$(SRCROOT)/../../../publish/ios";
			dstSubfolderSpec = 0;
			files = (
				2609A3B51B1EEFB800EB9771 /* libPluginUnityAds.a in CopyFiles */,
			);
			runOnlyForDeploymentPostprocessing = 0;
		};
/* End PBXCopyFilesBuildPhase section */

/* Begin PBXFileReference section */
		2609A3981B1EEE7E00EB9771 /* libPluginUnityAds.a */ = {isa = PBXFileReference; explicitFileType = archive.ar; includeInIndex = 0; path = libPluginUnityAds.a; sourceTree = BUILT_PRODUCTS_DIR; };
		2609A3BB1B1EF53500EB9771 /* StoreKit.framework */ = {isa = PBXFileReference; lastKnownFileType = wrapper.framework; name = StoreKit.framework; path = System/Library/Frameworks/StoreKit.framework; sourceTree = SDKROOT; };
		2609A3BD1B1EF53A00EB9771 /* UIKit.framework */ = {isa = PBXFileReference; lastKnownFileType = wrapper.framework; name = UIKit.framework; path = System/Library/Frameworks/UIKit.framework; sourceTree = SDKROOT; };
		2609A3BF1B1EF54400EB9771 /* CoreGraphics.framework */ = {isa = PBXFileReference; lastKnownFileType = wrapper.framework; name = CoreGraphics.framework; path = System/Library/Frameworks/CoreGraphics.framework; sourceTree = SDKROOT; };
		2609A3C11B1EF54A00EB9771 /* Foundation.framework */ = {isa = PBXFileReference; lastKnownFileType = wrapper.framework; name = Foundation.framework; path = System/Library/Frameworks/Foundation.framework; sourceTree = SDKROOT; };
		26A155121BAA1473003B5CE1 /* UnityAds.bundle */ = {isa = PBXFileReference; lastKnownFileType = "wrapper.plug-in"; path = UnityAds.bundle; sourceTree = "<group>"; };
		80352CC51B5CE71E0067A04F /* PluginUnityAds.h */ = {isa = PBXFileReference; fileEncoding = 4; lastKnownFileType = sourcecode.c.h; path = PluginUnityAds.h; sourceTree = "<group>"; };
		80352CC61B5CE71E0067A04F /* PluginUnityAds.m */ = {isa = PBXFileReference; fileEncoding = 4; lastKnownFileType = sourcecode.c.objc; path = PluginUnityAds.m; sourceTree = "<group>"; };
		80352CC91B5CE8390067A04F /* UnityAds.framework */ = {isa = PBXFileReference; lastKnownFileType = wrapper.framework; path = UnityAds.framework; sourceTree = "<group>"; };
		80352CCB1B5CE93D0067A04F /* AdSupport.framework */ = {isa = PBXFileReference; lastKnownFileType = wrapper.framework; name = AdSupport.framework; path = System/Library/Frameworks/AdSupport.framework; sourceTree = SDKROOT; };
		80352CCD1B5CE9420067A04F /* CoreTelephony.framework */ = {isa = PBXFileReference; lastKnownFileType = wrapper.framework; name = CoreTelephony.framework; path = System/Library/Frameworks/CoreTelephony.framework; sourceTree = SDKROOT; };
/* End PBXFileReference section */

/* Begin PBXFrameworksBuildPhase section */
		2609A3951B1EEE7E00EB9771 /* Frameworks */ = {
			isa = PBXFrameworksBuildPhase;
			buildActionMask = 2147483647;
			files = (
				80352CCE1B5CE9420067A04F /* CoreTelephony.framework in Frameworks */,
				80352CCC1B5CE93D0067A04F /* AdSupport.framework in Frameworks */,
				80352CCA1B5CE8390067A04F /* UnityAds.framework in Frameworks */,
				2609A3C21B1EF54A00EB9771 /* Foundation.framework in Frameworks */,
				2609A3C01B1EF54400EB9771 /* CoreGraphics.framework in Frameworks */,
				2609A3BE1B1EF53A00EB9771 /* UIKit.framework in Frameworks */,
				2609A3BC1B1EF53500EB9771 /* StoreKit.framework in Frameworks */,
			);
			runOnlyForDeploymentPostprocessing = 0;
		};
/* End PBXFrameworksBuildPhase section */

/* Begin PBXGroup section */
		2609A38F1B1EEE7E00EB9771 = {
			isa = PBXGroup;
			children = (
				80352CC51B5CE71E0067A04F /* PluginUnityAds.h */,
				80352CC61B5CE71E0067A04F /* PluginUnityAds.m */,
				2609A3B81B1EF44A00EB9771 /* Frameworks */,
				2609A3991B1EEE7E00EB9771 /* Products */,
			);
			sourceTree = "<group>";
		};
		2609A3991B1EEE7E00EB9771 /* Products */ = {
			isa = PBXGroup;
			children = (
				2609A3981B1EEE7E00EB9771 /* libPluginUnityAds.a */,
			);
			name = Products;
			sourceTree = "<group>";
		};
		2609A3B81B1EF44A00EB9771 /* Frameworks */ = {
			isa = PBXGroup;
			children = (
				26A155121BAA1473003B5CE1 /* UnityAds.bundle */,
				80352CCD1B5CE9420067A04F /* CoreTelephony.framework */,
				80352CCB1B5CE93D0067A04F /* AdSupport.framework */,
				80352CC91B5CE8390067A04F /* UnityAds.framework */,
				2609A3BD1B1EF53A00EB9771 /* UIKit.framework */,
				2609A3C11B1EF54A00EB9771 /* Foundation.framework */,
				2609A3BF1B1EF54400EB9771 /* CoreGraphics.framework */,
				2609A3BB1B1EF53500EB9771 /* StoreKit.framework */,
			);
			name = Frameworks;
			sourceTree = "<group>";
		};
/* End PBXGroup section */

/* Begin PBXNativeTarget section */
		2609A3971B1EEE7E00EB9771 /* PluginUnityAds */ = {
			isa = PBXNativeTarget;
			buildConfigurationList = 2609A3AC1B1EEE7E00EB9771 /* Build configuration list for PBXNativeTarget "PluginUnityAds" */;
			buildPhases = (
				2609A3941B1EEE7E00EB9771 /* Sources */,
				2609A3951B1EEE7E00EB9771 /* Frameworks */,
				2609A3961B1EEE7E00EB9771 /* CopyFiles */,
			);
			buildRules = (
			);
			dependencies = (
			);
			name = PluginUnityAds;
			productName = PluginChartboost;
			productReference = 2609A3981B1EEE7E00EB9771 /* libPluginUnityAds.a */;
			productType = "com.apple.product-type.library.static";
		};
/* End PBXNativeTarget section */

/* Begin PBXProject section */
		2609A3901B1EEE7E00EB9771 /* Project object */ = {
			isa = PBXProject;
			attributes = {
				LastUpgradeCheck = 0630;
				ORGANIZATIONNAME = "Iosif Murariu";
				TargetAttributes = {
					2609A3971B1EEE7E00EB9771 = {
						CreatedOnToolsVersion = 6.3.1;
					};
				};
			};
			buildConfigurationList = 2609A3931B1EEE7E00EB9771 /* Build configuration list for PBXProject "PluginUnityAds" */;
			compatibilityVersion = "Xcode 3.2";
			developmentRegion = English;
			hasScannedForEncodings = 0;
			knownRegions = (
				en,
			);
			mainGroup = 2609A38F1B1EEE7E00EB9771;
			productRefGroup = 2609A3991B1EEE7E00EB9771 /* Products */;
			projectDirPath = "";
			projectRoot = "";
			targets = (
				2609A3971B1EEE7E00EB9771 /* PluginUnityAds */,
			);
		};
/* End PBXProject section */

/* Begin PBXSourcesBuildPhase section */
		2609A3941B1EEE7E00EB9771 /* Sources */ = {
			isa = PBXSourcesBuildPhase;
			buildActionMask = 2147483647;
			files = (
				80352CC71B5CE71E0067A04F /* PluginUnityAds.m in Sources */,
			);
			runOnlyForDeploymentPostprocessing = 0;
		};
/* End PBXSourcesBuildPhase section */

/* Begin XCBuildConfiguration section */
		2609A3AA1B1EEE7E00EB9771 /* Debug */ = {
			isa = XCBuildConfiguration;
			buildSettings = {
				ALWAYS_SEARCH_USER_PATHS = NO;
				CLANG_CXX_LANGUAGE_STANDARD = "gnu++0x";
				CLANG_CXX_LIBRARY = "libc++";
				CLANG_ENABLE_MODULES = YES;
				CLANG_ENABLE_OBJC_ARC = YES;
				CLANG_WARN_BOOL_CONVERSION = YES;
				CLANG_WARN_CONSTANT_CONVERSION = YES;
				CLANG_WARN_DIRECT_OBJC_ISA_USAGE = YES_ERROR;
				CLANG_WARN_EMPTY_BODY = YES;
				CLANG_WARN_ENUM_CONVERSION = YES;
				CLANG_WARN_INT_CONVERSION = YES;
				CLANG_WARN_OBJC_ROOT_CLASS = YES_ERROR;
				CLANG_WARN_UNREACHABLE_CODE = YES;
				CLANG_WARN__DUPLICATE_METHOD_MATCH = YES;
				COPY_PHASE_STRIP = NO;
				DEBUG_INFORMATION_FORMAT = "dwarf-with-dsym";
				ENABLE_STRICT_OBJC_MSGSEND = YES;
				GCC_C_LANGUAGE_STANDARD = gnu99;
				GCC_DYNAMIC_NO_PIC = NO;
				GCC_NO_COMMON_BLOCKS = YES;
				GCC_OPTIMIZATION_LEVEL = 0;
				GCC_PREPROCESSOR_DEFINITIONS = (
					"DEBUG=1",
					"$(inherited)",
				);
				GCC_SYMBOLS_PRIVATE_EXTERN = NO;
				GCC_WARN_64_TO_32_BIT_CONVERSION = YES;
				GCC_WARN_ABOUT_RETURN_TYPE = YES_ERROR;
				GCC_WARN_UNDECLARED_SELECTOR = YES;
				GCC_WARN_UNINITIALIZED_AUTOS = YES_AGGRESSIVE;
				GCC_WARN_UNUSED_FUNCTION = YES;
				GCC_WARN_UNUSED_VARIABLE = YES;
				IPHONEOS_DEPLOYMENT_TARGET = 7.0;
				MTL_ENABLE_DEBUG_INFO = YES;
				ONLY_ACTIVE_ARCH = YES;
				SDKROOT = iphoneos;
			};
			name = Debug;
		};
		2609A3AB1B1EEE7E00EB9771 /* Release */ = {
			isa = XCBuildConfiguration;
			buildSettings = {
				ALWAYS_SEARCH_USER_PATHS = NO;
				CLANG_CXX_LANGUAGE_STANDARD = "gnu++0x";
				CLANG_CXX_LIBRARY = "libc++";
				CLANG_ENABLE_MODULES = YES;
				CLANG_ENABLE_OBJC_ARC = YES;
				CLANG_WARN_BOOL_CONVERSION = YES;
				CLANG_WARN_CONSTANT_CONVERSION = YES;
				CLANG_WARN_DIRECT_OBJC_ISA_USAGE = YES_ERROR;
				CLANG_WARN_EMPTY_BODY = YES;
				CLANG_WARN_ENUM_CONVERSION = YES;
				CLANG_WARN_INT_CONVERSION = YES;
				CLANG_WARN_OBJC_ROOT_CLASS = YES_ERROR;
				CLANG_WARN_UNREACHABLE_CODE = YES;
				CLANG_WARN__DUPLICATE_METHOD_MATCH = YES;
				COPY_PHASE_STRIP = NO;
				DEBUG_INFORMATION_FORMAT = "dwarf-with-dsym";
				ENABLE_NS_ASSERTIONS = NO;
				ENABLE_STRICT_OBJC_MSGSEND = YES;
				GCC_C_LANGUAGE_STANDARD = gnu99;
				GCC_NO_COMMON_BLOCKS = YES;
				GCC_WARN_64_TO_32_BIT_CONVERSION = YES;
				GCC_WARN_ABOUT_RETURN_TYPE = YES_ERROR;
				GCC_WARN_UNDECLARED_SELECTOR = YES;
				GCC_WARN_UNINITIALIZED_AUTOS = YES_AGGRESSIVE;
				GCC_WARN_UNUSED_FUNCTION = YES;
				GCC_WARN_UNUSED_VARIABLE = YES;
				IPHONEOS_DEPLOYMENT_TARGET = 7.0;
				MTL_ENABLE_DEBUG_INFO = NO;
				SDKROOT = iphoneos;
				VALIDATE_PRODUCT = YES;
			};
			name = Release;
		};
		2609A3AD1B1EEE7E00EB9771 /* Debug */ = {
			isa = XCBuildConfiguration;
			buildSettings = {
				FRAMEWORK_SEARCH_PATHS = "$(PROJECT_DIR)";
				HEADER_SEARCH_PATHS = (
					"$(inherited)",
					"$(SRCROOT)/../../../protocols/platform/ios",
				);
				LIBRARY_SEARCH_PATHS = "$(SRCROOT)/../../../protocols/platform/ios";
				OTHER_LDFLAGS = "-ObjC";
				PRODUCT_NAME = "$(TARGET_NAME)";
				SKIP_INSTALL = YES;
			};
			name = Debug;
		};
		2609A3AE1B1EEE7E00EB9771 /* Release */ = {
			isa = XCBuildConfiguration;
			buildSettings = {
				FRAMEWORK_SEARCH_PATHS = "$(PROJECT_DIR)";
				HEADER_SEARCH_PATHS = (
					"$(inherited)",
					"$(SRCROOT)/../../../protocols/platform/ios",
				);
				LIBRARY_SEARCH_PATHS = "$(SRCROOT)/../../../protocols/platform/ios";
				OTHER_LDFLAGS = "-ObjC";
				PRODUCT_NAME = "$(TARGET_NAME)";
				SKIP_INSTALL = YES;
			};
			name = Release;
		};
/* End XCBuildConfiguration section */

/* Begin XCConfigurationList section */
		2609A3931B1EEE7E00EB9771 /* Build configuration list for PBXProject "PluginUnityAds" */ = {
			isa = XCConfigurationList;
			buildConfigurations = (
				2609A3AA1B1EEE7E00EB9771 /* Debug */,
				2609A3AB1B1EEE7E00EB9771 /* Release */,
			);
			defaultConfigurationIsVisible = 0;
			defaultConfigurationName = Release;
		};
		2609A3AC1B1EEE7E00EB9771 /* Build configuration list for PBXNativeTarget "PluginUnityAds" */ = {
			isa = XCConfigurationList;
			buildConfigurations = (
				2609A3AD1B1EEE7E00EB9771 /* Debug */,
				2609A3AE1B1EEE7E00EB9771 /* Release */,
			);
			defaultConfigurationIsVisible = 0;
			defaultConfigurationName = Release;
		};
/* End XCConfigurationList section */
	};
	rootObject = 2609A3901B1EEE7E00EB9771 /* Project object */;
}
